{
  "originHash" : "cf4710b35c366659ca23cf8e88d6dbc4234503cc6a5adc9cf74121b56f03ca92",
  "pins" : [
    {
      "identity" : "snapshottestingheic",
      "kind" : "remoteSourceControl",
      "location" : "https://github.com/alexey1312/SnapshotTestingHEIC.git",
      "state" : {
        "revision" : "77d47239adf4e6c714c31b1854ff7ca5ba072309",
        "version" : "1.4.0"
      }
    },
    {
      "identity" : "swift-snapshot-testing",
      "kind" : "remoteSourceControl",
      "location" : "https://github.com/pointfreeco/swift-snapshot-testing",
      "state" : {
        "revision" : "5b0c434778f2c1a4c9b5ebdb8682b28e84dd69bd",
        "version" : "1.15.4"
      }
    },
    {
      "identity" : "swift-syntax",
      "kind" : "remoteSourceControl",
      "location" : "https://github.com/apple/swift-syntax",
      "state" : {
        "revision" : "fa8f95c2d536d6620cc2f504ebe8a6167c9fc2dd",
        "version" : "510.0.1"
      }
    }
  ],
  "version" : 3
}
